// !$*UTF8*$!
{
	archiveVersion = 1;
	classes = {
	};
	objectVersion = 46;
	objects = {

/* Begin PBXBuildFile section */
		D39F1BD81A8704BC00513A44 /* main.m in Sources */ = {isa = PBXBuildFile; fileRef = D39F1BD71A8704BC00513A44 /* main.m */; };
		D39F1BDB1A8704BC00513A44 /* AppDelegate.m in Sources */ = {isa = PBXBuildFile; fileRef = D39F1BDA1A8704BC00513A44 /* AppDelegate.m */; };
		D39F1BDE1A8704BC00513A44 /* Coryat_ObjC.xcdatamodeld in Sources */ = {isa = PBXBuildFile; fileRef = D39F1BDC1A8704BC00513A44 /* Coryat_ObjC.xcdatamodeld */; };
		D39F1BE41A8704BC00513A44 /* Main.storyboard in Resources */ = {isa = PBXBuildFile; fileRef = D39F1BE21A8704BC00513A44 /* Main.storyboard */; };
		D39F1BE61A8704BC00513A44 /* Images.xcassets in Resources */ = {isa = PBXBuildFile; fileRef = D39F1BE51A8704BC00513A44 /* Images.xcassets */; };
		D39F1BE91A8704BC00513A44 /* LaunchScreen.xib in Resources */ = {isa = PBXBuildFile; fileRef = D39F1BE71A8704BC00513A44 /* LaunchScreen.xib */; };
		D39F1BF51A8704BC00513A44 /* Coryat_ObjCTests.m in Sources */ = {isa = PBXBuildFile; fileRef = D39F1BF41A8704BC00513A44 /* Coryat_ObjCTests.m */; };
/* End PBXBuildFile section */

/* Begin PBXContainerItemProxy section */
		D39F1BEF1A8704BC00513A44 /* PBXContainerItemProxy */ = {
			isa = PBXContainerItemProxy;
			containerPortal = D39F1BCA1A8704BC00513A44 /* Project object */;
			proxyType = 1;
			remoteGlobalIDString = D39F1BD11A8704BC00513A44;
			remoteInfo = "Coryat-ObjC";
		};
/* End PBXContainerItemProxy section */

/* Begin PBXFileReference section */
		D39F1BD21A8704BC00513A44 /* Coryat-ObjC.app */ = {isa = PBXFileReference; explicitFileType = wrapper.application; includeInIndex = 0; path = "Coryat-ObjC.app"; sourceTree = BUILT_PRODUCTS_DIR; };
		D39F1BD61A8704BC00513A44 /* Info.plist */ = {isa = PBXFileReference; lastKnownFileType = text.plist.xml; path = Info.plist; sourceTree = "<group>"; };
		D39F1BD71A8704BC00513A44 /* main.m */ = {isa = PBXFileReference; lastKnownFileType = sourcecode.c.objc; path = main.m; sourceTree = "<group>"; };
		D39F1BD91A8704BC00513A44 /* AppDelegate.h */ = {isa = PBXFileReference; lastKnownFileType = sourcecode.c.h; path = AppDelegate.h; sourceTree = "<group>"; };
		D39F1BDA1A8704BC00513A44 /* AppDelegate.m */ = {isa = PBXFileReference; lastKnownFileType = sourcecode.c.objc; path = AppDelegate.m; sourceTree = "<group>"; };
		D39F1BDD1A8704BC00513A44 /* Coryat_ObjC.xcdatamodel */ = {isa = PBXFileReference; lastKnownFileType = wrapper.xcdatamodel; path = Coryat_ObjC.xcdatamodel; sourceTree = "<group>"; };
		D39F1BE31A8704BC00513A44 /* Base */ = {isa = PBXFileReference; lastKnownFileType = file.storyboard; name = Base; path = Base.lproj/Main.storyboard; sourceTree = "<group>"; };
		D39F1BE51A8704BC00513A44 /* Images.xcassets */ = {isa = PBXFileReference; lastKnownFileType = folder.assetcatalog; path = Images.xcassets; sourceTree = "<group>"; };
		D39F1BE81A8704BC00513A44 /* Base */ = {isa = PBXFileReference; lastKnownFileType = file.xib; name = Base; path = Base.lproj/LaunchScreen.xib; sourceTree = "<group>"; };
		D39F1BEE1A8704BC00513A44 /* Coryat-ObjCTests.xctest */ = {isa = PBXFileReference; explicitFileType = wrapper.cfbundle; includeInIndex = 0; path = "Coryat-ObjCTests.xctest"; sourceTree = BUILT_PRODUCTS_DIR; };
		D39F1BF31A8704BC00513A44 /* Info.plist */ = {isa = PBXFileReference; lastKnownFileType = text.plist.xml; path = Info.plist; sourceTree = "<group>"; };
		D39F1BF41A8704BC00513A44 /* Coryat_ObjCTests.m */ = {isa = PBXFileReference; lastKnownFileType = sourcecode.c.objc; path = Coryat_ObjCTests.m; sourceTree = "<group>"; };
/* End PBXFileReference section */

/* Begin PBXFrameworksBuildPhase section */
		D39F1BCF1A8704BC00513A44 /* Frameworks */ = {
			isa = PBXFrameworksBuildPhase;
			buildActionMask = 2147483647;
			files = (
			);
			runOnlyForDeploymentPostprocessing = 0;
		};
		D39F1BEB1A8704BC00513A44 /* Frameworks */ = {
			isa = PBXFrameworksBuildPhase;
			buildActionMask = 2147483647;
			files = (
			);
			runOnlyForDeploymentPostprocessing = 0;
		};
/* End PBXFrameworksBuildPhase section */

/* Begin PBXGroup section */
		D39F1BC91A8704BC00513A44 = {
			isa = PBXGroup;
			children = (
				D39F1BD41A8704BC00513A44 /* Coryat-ObjC */,
				D39F1BF11A8704BC00513A44 /* Coryat-ObjCTests */,
				D39F1BD31A8704BC00513A44 /* Products */,
			);
			sourceTree = "<group>";
		};
		D39F1BD31A8704BC00513A44 /* Products */ = {
			isa = PBXGroup;
			children = (
				D39F1BD21A8704BC00513A44 /* Coryat-ObjC.app */,
				D39F1BEE1A8704BC00513A44 /* Coryat-ObjCTests.xctest */,
			);
			name = Products;
			sourceTree = "<group>";
		};
		D39F1BD41A8704BC00513A44 /* Coryat-ObjC */ = {
			isa = PBXGroup;
			children = (
				D39F1BD91A8704BC00513A44 /* AppDelegate.h */,
				D39F1BDA1A8704BC00513A44 /* AppDelegate.m */,
				D39F1BE21A8704BC00513A44 /* Main.storyboard */,
				D39F1BE51A8704BC00513A44 /* Images.xcassets */,
				D39F1BE71A8704BC00513A44 /* LaunchScreen.xib */,
				D39F1BDC1A8704BC00513A44 /* Coryat_ObjC.xcdatamodeld */,
				D39F1BD51A8704BC00513A44 /* Supporting Files */,
			);
			path = "Coryat-ObjC";
			sourceTree = "<group>";
		};
		D39F1BD51A8704BC00513A44 /* Supporting Files */ = {
			isa = PBXGroup;
			children = (
				D39F1BD61A8704BC00513A44 /* Info.plist */,
				D39F1BD71A8704BC00513A44 /* main.m */,
			);
			name = "Supporting Files";
			sourceTree = "<group>";
		};
		D39F1BF11A8704BC00513A44 /* Coryat-ObjCTests */ = {
			isa = PBXGroup;
			children = (
				D39F1BF41A8704BC00513A44 /* Coryat_ObjCTests.m */,
				D39F1BF21A8704BC00513A44 /* Supporting Files */,
			);
			path = "Coryat-ObjCTests";
			sourceTree = "<group>";
		};
		D39F1BF21A8704BC00513A44 /* Supporting Files */ = {
			isa = PBXGroup;
			children = (
				D39F1BF31A8704BC00513A44 /* Info.plist */,
			);
			name = "Supporting Files";
			sourceTree = "<group>";
		};
/* End PBXGroup section */

/* Begin PBXNativeTarget section */
		D39F1BD11A8704BC00513A44 /* Coryat-ObjC */ = {
			isa = PBXNativeTarget;
			buildConfigurationList = D39F1BF81A8704BC00513A44 /* Build configuration list for PBXNativeTarget "Coryat-ObjC" */;
			buildPhases = (
				D39F1BCE1A8704BC00513A44 /* Sources */,
				D39F1BCF1A8704BC00513A44 /* Frameworks */,
				D39F1BD01A8704BC00513A44 /* Resources */,
			);
			buildRules = (
			);
			dependencies = (
			);
			name = "Coryat-ObjC";
			productName = "Coryat-ObjC";
			productReference = D39F1BD21A8704BC00513A44 /* Coryat-ObjC.app */;
			productType = "com.apple.product-type.application";
		};
		D39F1BED1A8704BC00513A44 /* Coryat-ObjCTests */ = {
			isa = PBXNativeTarget;
			buildConfigurationList = D39F1BFB1A8704BC00513A44 /* Build configuration list for PBXNativeTarget "Coryat-ObjCTests" */;
			buildPhases = (
				D39F1BEA1A8704BC00513A44 /* Sources */,
				D39F1BEB1A8704BC00513A44 /* Frameworks */,
				D39F1BEC1A8704BC00513A44 /* Resources */,
			);
			buildRules = (
			);
			dependencies = (
				D39F1BF01A8704BC00513A44 /* PBXTargetDependency */,
			);
			name = "Coryat-ObjCTests";
			productName = "Coryat-ObjCTests";
			productReference = D39F1BEE1A8704BC00513A44 /* Coryat-ObjCTests.xctest */;
			productType = "com.apple.product-type.bundle.unit-test";
		};
/* End PBXNativeTarget section */

/* Begin PBXProject section */
		D39F1BCA1A8704BC00513A44 /* Project object */ = {
			isa = PBXProject;
			attributes = {
				LastUpgradeCheck = 0620;
				ORGANIZATIONNAME = "Michael Frain";
				TargetAttributes = {
					D39F1BD11A8704BC00513A44 = {
						CreatedOnToolsVersion = 6.2;
					};
					D39F1BED1A8704BC00513A44 = {
						CreatedOnToolsVersion = 6.2;
						TestTargetID = D39F1BD11A8704BC00513A44;
					};
				};
			};
			buildConfigurationList = D39F1BCD1A8704BC00513A44 /* Build configuration list for PBXProject "Coryat-ObjC" */;
			compatibilityVersion = "Xcode 3.2";
			developmentRegion = English;
			hasScannedForEncodings = 0;
			knownRegions = (
				en,
				Base,
			);
			mainGroup = D39F1BC91A8704BC00513A44;
			productRefGroup = D39F1BD31A8704BC00513A44 /* Products */;
			projectDirPath = "";
			projectRoot = "";
			targets = (
				D39F1BD11A8704BC00513A44 /* Coryat-ObjC */,
				D39F1BED1A8704BC00513A44 /* Coryat-ObjCTests */,
			);
		};
/* End PBXProject section */

/* Begin PBXResourcesBuildPhase section */
		D39F1BD01A8704BC00513A44 /* Resources */ = {
			isa = PBXResourcesBuildPhase;
			buildActionMask = 2147483647;
			files = (
				D39F1BE41A8704BC00513A44 /* Main.storyboard in Resources */,
				D39F1BE91A8704BC00513A44 /* LaunchScreen.xib in Resources */,
				D39F1BE61A8704BC00513A44 /* Images.xcassets in Resources */,
			);
			runOnlyForDeploymentPostprocessing = 0;
		};
		D39F1BEC1A8704BC00513A44 /* Resources */ = {
			isa = PBXResourcesBuildPhase;
			buildActionMask = 2147483647;
			files = (
			);
			runOnlyForDeploymentPostprocessing = 0;
		};
/* End PBXResourcesBuildPhase section */

/* Begin PBXSourcesBuildPhase section */
		D39F1BCE1A8704BC00513A44 /* Sources */ = {
			isa = PBXSourcesBuildPhase;
			buildActionMask = 2147483647;
			files = (
				D39F1BDB1A8704BC00513A44 /* AppDelegate.m in Sources */,
				D39F1BD81A8704BC00513A44 /* main.m in Sources */,
				D39F1BDE1A8704BC00513A44 /* Coryat_ObjC.xcdatamodeld in Sources */,
			);
			runOnlyForDeploymentPostprocessing = 0;
		};
		D39F1BEA1A8704BC00513A44 /* Sources */ = {
			isa = PBXSourcesBuildPhase;
			buildActionMask = 2147483647;
			files = (
				D39F1BF51A8704BC00513A44 /* Coryat_ObjCTests.m in Sources */,
			);
			runOnlyForDeploymentPostprocessing = 0;
		};
/* End PBXSourcesBuildPhase section */

/* Begin PBXTargetDependency section */
		D39F1BF01A8704BC00513A44 /* PBXTargetDependency */ = {
			isa = PBXTargetDependency;
			target = D39F1BD11A8704BC00513A44 /* Coryat-ObjC */;
			targetProxy = D39F1BEF1A8704BC00513A44 /* PBXContainerItemProxy */;
		};
/* End PBXTargetDependency section */

/* Begin PBXVariantGroup section */
		D39F1BE21A8704BC00513A44 /* Main.storyboard */ = {
			isa = PBXVariantGroup;
			children = (
				D39F1BE31A8704BC00513A44 /* Base */,
			);
			name = Main.storyboard;
			sourceTree = "<group>";
		};
		D39F1BE71A8704BC00513A44 /* LaunchScreen.xib */ = {
			isa = PBXVariantGroup;
			children = (
				D39F1BE81A8704BC00513A44 /* Base */,
			);
			name = LaunchScreen.xib;
			sourceTree = "<group>";
		};
/* End PBXVariantGroup section */

/* Begin XCBuildConfiguration section */
		D39F1BF61A8704BC00513A44 /* Debug */ = {
			isa = XCBuildConfiguration;
			buildSettings = {
				ALWAYS_SEARCH_USER_PATHS = NO;
				CLANG_CXX_LANGUAGE_STANDARD = "gnu++0x";
				CLANG_CXX_LIBRARY = "libc++";
				CLANG_ENABLE_MODULES = YES;
				CLANG_ENABLE_OBJC_ARC = YES;
				CLANG_WARN_BOOL_CONVERSION = YES;
				CLANG_WARN_CONSTANT_CONVERSION = YES;
				CLANG_WARN_DIRECT_OBJC_ISA_USAGE = YES_ERROR;
				CLANG_WARN_EMPTY_BODY = YES;
				CLANG_WARN_ENUM_CONVERSION = YES;
				CLANG_WARN_INT_CONVERSION = YES;
				CLANG_WARN_OBJC_ROOT_CLASS = YES_ERROR;
				CLANG_WARN_UNREACHABLE_CODE = YES;
				CLANG_WARN__DUPLICATE_METHOD_MATCH = YES;
				"CODE_SIGN_IDENTITY[sdk=iphoneos*]" = "iPhone Developer";
				COPY_PHASE_STRIP = NO;
				ENABLE_STRICT_OBJC_MSGSEND = YES;
				GCC_C_LANGUAGE_STANDARD = gnu99;
				GCC_DYNAMIC_NO_PIC = NO;
				GCC_OPTIMIZATION_LEVEL = 0;
				GCC_PREPROCESSOR_DEFINITIONS = (
					"DEBUG=1",
					"$(inherited)",
				);
				GCC_SYMBOLS_PRIVATE_EXTERN = NO;
				GCC_WARN_64_TO_32_BIT_CONVERSION = YES;
				GCC_WARN_ABOUT_RETURN_TYPE = YES_ERROR;
				GCC_WARN_UNDECLARED_SELECTOR = YES;
				GCC_WARN_UNINITIALIZED_AUTOS = YES_AGGRESSIVE;
				GCC_WARN_UNUSED_FUNCTION = YES;
				GCC_WARN_UNUSED_VARIABLE = YES;
				IPHONEOS_DEPLOYMENT_TARGET = 8.2;
				MTL_ENABLE_DEBUG_INFO = YES;
				ONLY_ACTIVE_ARCH = YES;
				SDKROOT = iphoneos;
				TARGETED_DEVICE_FAMILY = "1,2";
			};
			name = Debug;
		};
		D39F1BF71A8704BC00513A44 /* Release */ = {
			isa = XCBuildConfiguration;
			buildSettings = {
				ALWAYS_SEARCH_USER_PATHS = NO;
				CLANG_CXX_LANGUAGE_STANDARD = "gnu++0x";
				CLANG_CXX_LIBRARY = "libc++";
				CLANG_ENABLE_MODULES = YES;
				CLANG_ENABLE_OBJC_ARC = YES;
				CLANG_WARN_BOOL_CONVERSION = YES;
				CLANG_WARN_CONSTANT_CONVERSION = YES;
				CLANG_WARN_DIRECT_OBJC_ISA_USAGE = YES_ERROR;
				CLANG_WARN_EMPTY_BODY = YES;
				CLANG_WARN_ENUM_CONVERSION = YES;
				CLANG_WARN_INT_CONVERSION = YES;
				CLANG_WARN_OBJC_ROOT_CLASS = YES_ERROR;
				CLANG_WARN_UNREACHABLE_CODE = YES;
				CLANG_WARN__DUPLICATE_METHOD_MATCH = YES;
				"CODE_SIGN_IDENTITY[sdk=iphoneos*]" = "iPhone Developer";
				COPY_PHASE_STRIP = NO;
				ENABLE_NS_ASSERTIONS = NO;
				ENABLE_STRICT_OBJC_MSGSEND = YES;
				GCC_C_LANGUAGE_STANDARD = gnu99;
				GCC_WARN_64_TO_32_BIT_CONVERSION = YES;
				GCC_WARN_ABOUT_RETURN_TYPE = YES_ERROR;
				GCC_WARN_UNDECLARED_SELECTOR = YES;
				GCC_WARN_UNINITIALIZED_AUTOS = YES_AGGRESSIVE;
				GCC_WARN_UNUSED_FUNCTION = YES;
				GCC_WARN_UNUSED_VARIABLE = YES;
				IPHONEOS_DEPLOYMENT_TARGET = 8.2;
				MTL_ENABLE_DEBUG_INFO = NO;
				SDKROOT = iphoneos;
				TARGETED_DEVICE_FAMILY = "1,2";
				VALIDATE_PRODUCT = YES;
			};
			name = Release;
		};
		D39F1BF91A8704BC00513A44 /* Debug */ = {
			isa = XCBuildConfiguration;
			buildSettings = {
				ASSETCATALOG_COMPILER_APPICON_NAME = AppIcon;
				INFOPLIST_FILE = "Coryat-ObjC/Info.plist";
				LD_RUNPATH_SEARCH_PATHS = "$(inherited) @executable_path/Frameworks";
				PRODUCT_NAME = "$(TARGET_NAME)";
			};
			name = Debug;
		};
		D39F1BFA1A8704BC00513A44 /* Release */ = {
			isa = XCBuildConfiguration;
			buildSettings = {
				ASSETCATALOG_COMPILER_APPICON_NAME = AppIcon;
				INFOPLIST_FILE = "Coryat-ObjC/Info.plist";
				LD_RUNPATH_SEARCH_PATHS = "$(inherited) @executable_path/Frameworks";
				PRODUCT_NAME = "$(TARGET_NAME)";
			};
			name = Release;
		};
		D39F1BFC1A8704BC00513A44 /* Debug */ = {
			isa = XCBuildConfiguration;
			buildSettings = {
				BUNDLE_LOADER = "$(TEST_HOST)";
				FRAMEWORK_SEARCH_PATHS = (
					"$(SDKROOT)/Developer/Library/Frameworks",
					"$(inherited)",
				);
				GCC_PREPROCESSOR_DEFINITIONS = (
					"DEBUG=1",
					"$(inherited)",
				);
				INFOPLIST_FILE = "Coryat-ObjCTests/Info.plist";
				LD_RUNPATH_SEARCH_PATHS = "$(inherited) @executable_path/Frameworks @loader_path/Frameworks";
				PRODUCT_NAME = "$(TARGET_NAME)";
				TEST_HOST = "$(BUILT_PRODUCTS_DIR)/Coryat-ObjC.app/Coryat-ObjC";
			};
			name = Debug;
		};
		D39F1BFD1A8704BC00513A44 /* Release */ = {
			isa = XCBuildConfiguration;
			buildSettings = {
				BUNDLE_LOADER = "$(TEST_HOST)";
				FRAMEWORK_SEARCH_PATHS = (
					"$(SDKROOT)/Developer/Library/Frameworks",
					"$(inherited)",
				);
				INFOPLIST_FILE = "Coryat-ObjCTests/Info.plist";
				LD_RUNPATH_SEARCH_PATHS = "$(inherited) @executable_path/Frameworks @loader_path/Frameworks";
				PRODUCT_NAME = "$(TARGET_NAME)";
				TEST_HOST = "$(BUILT_PRODUCTS_DIR)/Coryat-ObjC.app/Coryat-ObjC";
			};
			name = Release;
		};
/* End XCBuildConfiguration section */

/* Begin XCConfigurationList section */
		D39F1BCD1A8704BC00513A44 /* Build configuration list for PBXProject "Coryat-ObjC" */ = {
			isa = XCConfigurationList;
			buildConfigurations = (
				D39F1BF61A8704BC00513A44 /* Debug */,
				D39F1BF71A8704BC00513A44 /* Release */,
			);
			defaultConfigurationIsVisible = 0;
			defaultConfigurationName = Release;
		};
		D39F1BF81A8704BC00513A44 /* Build configuration list for PBXNativeTarget "Coryat-ObjC" */ = {
			isa = XCConfigurationList;
			buildConfigurations = (
				D39F1BF91A8704BC00513A44 /* Debug */,
				D39F1BFA1A8704BC00513A44 /* Release */,
			);
			defaultConfigurationIsVisible = 0;
		};
		D39F1BFB1A8704BC00513A44 /* Build configuration list for PBXNativeTarget "Coryat-ObjCTests" */ = {
			isa = XCConfigurationList;
			buildConfigurations = (
				D39F1BFC1A8704BC00513A44 /* Debug */,
				D39F1BFD1A8704BC00513A44 /* Release */,
			);
			defaultConfigurationIsVisible = 0;
		};
/* End XCConfigurationList section */

/* Begin XCVersionGroup section */
		D39F1BDC1A8704BC00513A44 /* Coryat_ObjC.xcdatamodeld */ = {
			isa = XCVersionGroup;
			children = (
				D39F1BDD1A8704BC00513A44 /* Coryat_ObjC.xcdatamodel */,
			);
			currentVersion = D39F1BDD1A8704BC00513A44 /* Coryat_ObjC.xcdatamodel */;
			path = Coryat_ObjC.xcdatamodeld;
			sourceTree = "<group>";
			versionGroupType = wrapper.xcdatamodel;
		};
/* End XCVersionGroup section */
	};
	rootObject = D39F1BCA1A8704BC00513A44 /* Project object */;
}
